
Microsoft Visual Studio Solution File, Format Version 12.00
Project("{FAE04EC0-301F-11D3-BF4B-00C04F79EFBC}") = "Netmon.SNMPPolling", "Netmon.SNMPPolling.csproj", "{83239299-A6AE-4FA1-9A67-B9FF09DAAE03}"
EndProject
Project("{FAE04EC0-301F-11D3-BF4B-00C04F79EFBC}") = "Netmon.Data", "..\..\Shared\Netmon.Data\Netmon.Data.csproj", "{C95E444C-FDBC-40A5-AC72-2AFBC3D6858F}"
EndProject
Project("{FAE04EC0-301F-11D3-BF4B-00C04F79EFBC}") = "Netmon.Data.EntityFramework", "..\..\Shared\Netmon.Data.EntityFramework\Netmon.Data.EntityFramework.csproj", "{3B75FF09-31D3-49C0-994A-8B902E32F970}"
EndProject
Project("{FAE04EC0-301F-11D3-BF4B-00C04F79EFBC}") = "Netmon.Data.EntityFramework.Write", "..\..\Shared\Netmon.Data.EntityFramework.Write\Netmon.Data.EntityFramework.Write.csproj", "{6B2E4447-D06A-48A9-98C7-A43511CA7F99}"
EndProject
Project("{FAE04EC0-301F-11D3-BF4B-00C04F79EFBC}") = "Netmon.Models", "..\..\Shared\Netmon.Models\Netmon.Models.csproj", "{C1237481-F117-4226-AED0-32FBFDF4914A}"
EndProject
Project("{FAE04EC0-301F-11D3-BF4B-00C04F79EFBC}") = "Netmon.SNMPPolling.UnitTests", "..\..\Tests\Netmon.SNMPPolling.UnitTests\Netmon.SNMPPolling.UnitTests.csproj", "{317C80CA-4F82-41F9-81BD-E6F259698644}"
EndProject
Project("{FAE04EC0-301F-11D3-BF4B-00C04F79EFBC}") = "Netmon.Data.EntityFramework.Read", "..\..\Shared\Netmon.Data.EntityFramework.Read\Netmon.Data.EntityFramework.Read.csproj", "{92CDEF47-BEE8-4E68-ACC1-BA08DD489712}"
EndProject
Project("{FAE04EC0-301F-11D3-BF4B-00C04F79EFBC}") = "Netmon.Data.Services.Read", "..\..\Shared\Netmon.Data.Services.Read\Netmon.Data.Services.Read.csproj", "{FCA2C478-1D76-4748-8E68-EB34A78563AA}"
EndProject
Project("{FAE04EC0-301F-11D3-BF4B-00C04F79EFBC}") = "Netmon.Data.Services.Write", "..\..\Shared\Netmon.Data.Services.Write\Netmon.Data.Services.Write.csproj", "{AB28DAD9-300A-4272-8145-74AB821F286F}"
EndProject
Global
	GlobalSection(SolutionConfigurationPlatforms) = preSolution
		Debug|Any CPU = Debug|Any CPU
		Release|Any CPU = Release|Any CPU
	EndGlobalSection
	GlobalSection(ProjectConfigurationPlatforms) = postSolution
		{83239299-A6AE-4FA1-9A67-B9FF09DAAE03}.Debug|Any CPU.ActiveCfg = Debug|Any CPU
		{83239299-A6AE-4FA1-9A67-B9FF09DAAE03}.Debug|Any CPU.Build.0 = Debug|Any CPU
		{83239299-A6AE-4FA1-9A67-B9FF09DAAE03}.Release|Any CPU.ActiveCfg = Release|Any CPU
		{83239299-A6AE-4FA1-9A67-B9FF09DAAE03}.Release|Any CPU.Build.0 = Release|Any CPU
		{C95E444C-FDBC-40A5-AC72-2AFBC3D6858F}.Debug|Any CPU.ActiveCfg = Debug|Any CPU
		{C95E444C-FDBC-40A5-AC72-2AFBC3D6858F}.Debug|Any CPU.Build.0 = Debug|Any CPU
		{C95E444C-FDBC-40A5-AC72-2AFBC3D6858F}.Release|Any CPU.ActiveCfg = Release|Any CPU
		{C95E444C-FDBC-40A5-AC72-2AFBC3D6858F}.Release|Any CPU.Build.0 = Release|Any CPU
		{3B75FF09-31D3-49C0-994A-8B902E32F970}.Debug|Any CPU.ActiveCfg = Debug|Any CPU
		{3B75FF09-31D3-49C0-994A-8B902E32F970}.Debug|Any CPU.Build.0 = Debug|Any CPU
		{3B75FF09-31D3-49C0-994A-8B902E32F970}.Release|Any CPU.ActiveCfg = Release|Any CPU
		{3B75FF09-31D3-49C0-994A-8B902E32F970}.Release|Any CPU.Build.0 = Release|Any CPU
		{6B2E4447-D06A-48A9-98C7-A43511CA7F99}.Debug|Any CPU.ActiveCfg = Debug|Any CPU
		{6B2E4447-D06A-48A9-98C7-A43511CA7F99}.Debug|Any CPU.Build.0 = Debug|Any CPU
		{6B2E4447-D06A-48A9-98C7-A43511CA7F99}.Release|Any CPU.ActiveCfg = Release|Any CPU
		{6B2E4447-D06A-48A9-98C7-A43511CA7F99}.Release|Any CPU.Build.0 = Release|Any CPU
		{C1237481-F117-4226-AED0-32FBFDF4914A}.Debug|Any CPU.ActiveCfg = Debug|Any CPU
		{C1237481-F117-4226-AED0-32FBFDF4914A}.Debug|Any CPU.Build.0 = Debug|Any CPU
		{C1237481-F117-4226-AED0-32FBFDF4914A}.Release|Any CPU.ActiveCfg = Release|Any CPU
		{C1237481-F117-4226-AED0-32FBFDF4914A}.Release|Any CPU.Build.0 = Release|Any CPU
		{317C80CA-4F82-41F9-81BD-E6F259698644}.Debug|Any CPU.ActiveCfg = Debug|Any CPU
		{317C80CA-4F82-41F9-81BD-E6F259698644}.Debug|Any CPU.Build.0 = Debug|Any CPU
		{317C80CA-4F82-41F9-81BD-E6F259698644}.Release|Any CPU.ActiveCfg = Release|Any CPU
		{317C80CA-4F82-41F9-81BD-E6F259698644}.Release|Any CPU.Build.0 = Release|Any CPU
		{92CDEF47-BEE8-4E68-ACC1-BA08DD489712}.Debug|Any CPU.ActiveCfg = Debug|Any CPU
		{92CDEF47-BEE8-4E68-ACC1-BA08DD489712}.Debug|Any CPU.Build.0 = Debug|Any CPU
		{92CDEF47-BEE8-4E68-ACC1-BA08DD489712}.Release|Any CPU.ActiveCfg = Release|Any CPU
		{92CDEF47-BEE8-4E68-ACC1-BA08DD489712}.Release|Any CPU.Build.0 = Release|Any CPU
		{FCA2C478-1D76-4748-8E68-EB34A78563AA}.Debug|Any CPU.ActiveCfg = Debug|Any CPU
		{FCA2C478-1D76-4748-8E68-EB34A78563AA}.Debug|Any CPU.Build.0 = Debug|Any CPU
		{FCA2C478-1D76-4748-8E68-EB34A78563AA}.Release|Any CPU.ActiveCfg = Release|Any CPU
		{FCA2C478-1D76-4748-8E68-EB34A78563AA}.Release|Any CPU.Build.0 = Release|Any CPU
		{AB28DAD9-300A-4272-8145-74AB821F286F}.Debug|Any CPU.ActiveCfg = Debug|Any CPU
		{AB28DAD9-300A-4272-8145-74AB821F286F}.Debug|Any CPU.Build.0 = Debug|Any CPU
		{AB28DAD9-300A-4272-8145-74AB821F286F}.Release|Any CPU.ActiveCfg = Release|Any CPU
		{AB28DAD9-300A-4272-8145-74AB821F286F}.Release|Any CPU.Build.0 = Release|Any CPU
	EndGlobalSection
EndGlobal
